{
  "pins" : [
    {
      "identity" : "appmetrica-sdk-ios",
      "kind" : "remoteSourceControl",
      "location" : "https://github.com/appmetrica/appmetrica-sdk-ios",
      "state" : {
        "revision" : "32783c93cc9015868f72295dc10129182c0dbbc3",
        "version" : "5.8.1"
      }
    },
    {
      "identity" : "kscrash",
      "kind" : "remoteSourceControl",
      "location" : "https://github.com/kstenerud/KSCrash",
      "state" : {
        "revision" : "353a7ea8f32e34b9008dd7aa6dc0b6466b7daf37",
        "version" : "2.0.0-rc.3"
      }
    },
    {
      "identity" : "yandex-login-sdk-ios",
      "kind" : "remoteSourceControl",
      "location" : "https://github.com/yandexmobile/yandex-login-sdk-ios",
      "state" : {
        "revision" : "ee494dac017fa2cf63915321d73926a8f6068e99",
        "version" : "3.0.2"
      }
    }
  ],
  "version" : 2
}
