{
  "pins" : [
    {
      "identity" : "appmetrica-sdk-ios",
      "kind" : "remoteSourceControl",
      "location" : "https://github.com/appmetrica/appmetrica-sdk-ios",
      "state" : {
        "revision" : "32783c93cc9015868f72295dc10129182c0dbbc3",
        "version" : "5.8.1"
      }
    },
    {
      "identity" : "kscrash",
      "kind" : "remoteSourceControl",
      "location" : "https://github.com/kstenerud/KSCrash",
      "state" : {
        "revision" : "c3bbb7241c9730edfa14675898de00770a85dc0e",
        "version" : "2.0.0-rc.4"
      }
    }
  ],
  "version" : 2
}
