// !$*UTF8*$!
{
	archiveVersion = 1;
	classes = {
	};
	objectVersion = 56;
	objects = {

/* Begin PBXBuildFile section */
		10DE01A999CE3FE98DF12ECF /* Pods_YandexPaySDKDemoApp.framework in Frameworks */ = {isa = PBXBuildFile; fileRef = 964E7DBFD77EB445A6CFC7EC /* Pods_YandexPaySDKDemoApp.framework */; };
		9EBEF4E629F187FC005E5289 /* AppDelegate.swift in Sources */ = {isa = PBXBuildFile; fileRef = 9EBEF4E529F187FC005E5289 /* AppDelegate.swift */; };
		9EBEF4E829F187FC005E5289 /* SceneDelegate.swift in Sources */ = {isa = PBXBuildFile; fileRef = 9EBEF4E729F187FC005E5289 /* SceneDelegate.swift */; };
		9EBEF4EA29F187FC005E5289 /* ViewController.swift in Sources */ = {isa = PBXBuildFile; fileRef = 9EBEF4E929F187FC005E5289 /* ViewController.swift */; };
		9EBEF4ED29F187FC005E5289 /* Main.storyboard in Resources */ = {isa = PBXBuildFile; fileRef = 9EBEF4EB29F187FC005E5289 /* Main.storyboard */; };
		9EBEF4F229F187FC005E5289 /* LaunchScreen.storyboard in Resources */ = {isa = PBXBuildFile; fileRef = 9EBEF4F029F187FC005E5289 /* LaunchScreen.storyboard */; };
/* End PBXBuildFile section */

/* Begin PBXFileReference section */
		19CEC95DE98663A1755755A4 /* Pods-YandexPaySDKDemoApp.release.xcconfig */ = {isa = PBXFileReference; includeInIndex = 1; lastKnownFileType = text.xcconfig; name = "Pods-YandexPaySDKDemoApp.release.xcconfig"; path = "Target Support Files/Pods-YandexPaySDKDemoApp/Pods-YandexPaySDKDemoApp.release.xcconfig"; sourceTree = "<group>"; };
		964E7DBFD77EB445A6CFC7EC /* Pods_YandexPaySDKDemoApp.framework */ = {isa = PBXFileReference; explicitFileType = wrapper.framework; includeInIndex = 0; path = Pods_YandexPaySDKDemoApp.framework; sourceTree = BUILT_PRODUCTS_DIR; };
		9EBEF4E229F187FC005E5289 /* YandexPaySDKDemoApp.app */ = {isa = PBXFileReference; explicitFileType = wrapper.application; includeInIndex = 0; path = YandexPaySDKDemoApp.app; sourceTree = BUILT_PRODUCTS_DIR; };
		9EBEF4E529F187FC005E5289 /* AppDelegate.swift */ = {isa = PBXFileReference; lastKnownFileType = sourcecode.swift; path = AppDelegate.swift; sourceTree = "<group>"; };
		9EBEF4E729F187FC005E5289 /* SceneDelegate.swift */ = {isa = PBXFileReference; lastKnownFileType = sourcecode.swift; path = SceneDelegate.swift; sourceTree = "<group>"; };
		9EBEF4E929F187FC005E5289 /* ViewController.swift */ = {isa = PBXFileReference; lastKnownFileType = sourcecode.swift; path = ViewController.swift; sourceTree = "<group>"; };
		9EBEF4EC29F187FC005E5289 /* Base */ = {isa = PBXFileReference; lastKnownFileType = file.storyboard; name = Base; path = Base.lproj/Main.storyboard; sourceTree = "<group>"; };
		9EBEF4F129F187FC005E5289 /* Base */ = {isa = PBXFileReference; lastKnownFileType = file.storyboard; name = Base; path = Base.lproj/LaunchScreen.storyboard; sourceTree = "<group>"; };
		9EBEF4F329F187FC005E5289 /* Info.plist */ = {isa = PBXFileReference; lastKnownFileType = text.plist.xml; path = Info.plist; sourceTree = "<group>"; };
		9EBEF4F929F18BC9005E5289 /* YandexPaySDKDemoApp.entitlements */ = {isa = PBXFileReference; lastKnownFileType = text.plist.entitlements; path = YandexPaySDKDemoApp.entitlements; sourceTree = "<group>"; };
		AB1A901AC555538E02A1E988 /* Pods-YandexPaySDKDemoApp.debug.xcconfig */ = {isa = PBXFileReference; includeInIndex = 1; lastKnownFileType = text.xcconfig; name = "Pods-YandexPaySDKDemoApp.debug.xcconfig"; path = "Target Support Files/Pods-YandexPaySDKDemoApp/Pods-YandexPaySDKDemoApp.debug.xcconfig"; sourceTree = "<group>"; };
/* End PBXFileReference section */

/* Begin PBXFrameworksBuildPhase section */
		9EBEF4DF29F187FC005E5289 /* Frameworks */ = {
			isa = PBXFrameworksBuildPhase;
			buildActionMask = 2147483647;
			files = (
				10DE01A999CE3FE98DF12ECF /* Pods_YandexPaySDKDemoApp.framework in Frameworks */,
			);
			runOnlyForDeploymentPostprocessing = 0;
		};
/* End PBXFrameworksBuildPhase section */

/* Begin PBXGroup section */
		9EBEF4D929F187FC005E5289 = {
			isa = PBXGroup;
			children = (
				9EBEF4E429F187FC005E5289 /* YandexPaySDKDemoApp */,
				9EBEF4E329F187FC005E5289 /* Products */,
				B3C3EB38F1386095FDF26933 /* Pods */,
				ED85A4D8CF5033927B36F004 /* Frameworks */,
			);
			sourceTree = "<group>";
		};
		9EBEF4E329F187FC005E5289 /* Products */ = {
			isa = PBXGroup;
			children = (
				9EBEF4E229F187FC005E5289 /* YandexPaySDKDemoApp.app */,
			);
			name = Products;
			sourceTree = "<group>";
		};
		9EBEF4E429F187FC005E5289 /* YandexPaySDKDemoApp */ = {
			isa = PBXGroup;
			children = (
				9EBEF4F929F18BC9005E5289 /* YandexPaySDKDemoApp.entitlements */,
				9EBEF4E529F187FC005E5289 /* AppDelegate.swift */,
				9EBEF4E729F187FC005E5289 /* SceneDelegate.swift */,
				9EBEF4E929F187FC005E5289 /* ViewController.swift */,
				9EBEF4EB29F187FC005E5289 /* Main.storyboard */,
				9EBEF4F029F187FC005E5289 /* LaunchScreen.storyboard */,
				9EBEF4F329F187FC005E5289 /* Info.plist */,
			);
			path = YandexPaySDKDemoApp;
			sourceTree = "<group>";
		};
		B3C3EB38F1386095FDF26933 /* Pods */ = {
			isa = PBXGroup;
			children = (
				AB1A901AC555538E02A1E988 /* Pods-YandexPaySDKDemoApp.debug.xcconfig */,
				19CEC95DE98663A1755755A4 /* Pods-YandexPaySDKDemoApp.release.xcconfig */,
			);
			path = Pods;
			sourceTree = "<group>";
		};
		ED85A4D8CF5033927B36F004 /* Frameworks */ = {
			isa = PBXGroup;
			children = (
				964E7DBFD77EB445A6CFC7EC /* Pods_YandexPaySDKDemoApp.framework */,
			);
			name = Frameworks;
			sourceTree = "<group>";
		};
/* End PBXGroup section */

/* Begin PBXNativeTarget section */
		9EBEF4E129F187FC005E5289 /* YandexPaySDKDemoApp */ = {
			isa = PBXNativeTarget;
			buildConfigurationList = 9EBEF4F629F187FC005E5289 /* Build configuration list for PBXNativeTarget "YandexPaySDKDemoApp" */;
			buildPhases = (
				544F12CCA0CCFF1CB2D6829F /* [CP] Check Pods Manifest.lock */,
				9EBEF4DE29F187FC005E5289 /* Sources */,
				9EBEF4DF29F187FC005E5289 /* Frameworks */,
				9EBEF4E029F187FC005E5289 /* Resources */,
				DD61B36161771CC60866CEC4 /* [CP] Embed Pods Frameworks */,
				3319A01E984A612E4C810701 /* [CP] Copy Pods Resources */,
			);
			buildRules = (
			);
			dependencies = (
			);
			name = YandexPaySDKDemoApp;
			productName = YandexPaySDKDemoApp;
			productReference = 9EBEF4E229F187FC005E5289 /* YandexPaySDKDemoApp.app */;
			productType = "com.apple.product-type.application";
		};
/* End PBXNativeTarget section */

/* Begin PBXProject section */
		9EBEF4DA29F187FC005E5289 /* Project object */ = {
			isa = PBXProject;
			attributes = {
				BuildIndependentTargetsInParallel = 1;
				LastSwiftUpdateCheck = 1410;
				LastUpgradeCheck = 1410;
				TargetAttributes = {
					9EBEF4E129F187FC005E5289 = {
						CreatedOnToolsVersion = 14.1;
					};
				};
			};
			buildConfigurationList = 9EBEF4DD29F187FC005E5289 /* Build configuration list for PBXProject "YandexPaySDKDemoApp" */;
			compatibilityVersion = "Xcode 14.0";
			developmentRegion = en;
			hasScannedForEncodings = 0;
			knownRegions = (
				en,
				Base,
			);
			mainGroup = 9EBEF4D929F187FC005E5289;
			productRefGroup = 9EBEF4E329F187FC005E5289 /* Products */;
			projectDirPath = "";
			projectRoot = "";
			targets = (
				9EBEF4E129F187FC005E5289 /* YandexPaySDKDemoApp */,
			);
		};
/* End PBXProject section */

/* Begin PBXResourcesBuildPhase section */
		9EBEF4E029F187FC005E5289 /* Resources */ = {
			isa = PBXResourcesBuildPhase;
			buildActionMask = 2147483647;
			files = (
				9EBEF4F229F187FC005E5289 /* LaunchScreen.storyboard in Resources */,
				9EBEF4ED29F187FC005E5289 /* Main.storyboard in Resources */,
			);
			runOnlyForDeploymentPostprocessing = 0;
		};
/* End PBXResourcesBuildPhase section */

/* Begin PBXShellScriptBuildPhase section */
		3319A01E984A612E4C810701 /* [CP] Copy Pods Resources */ = {
			isa = PBXShellScriptBuildPhase;
			buildActionMask = 2147483647;
			files = (
			);
			inputFileListPaths = (
				"${PODS_ROOT}/Target Support Files/Pods-YandexPaySDKDemoApp/Pods-YandexPaySDKDemoApp-resources-${CONFIGURATION}-input-files.xcfilelist",
			);
			name = "[CP] Copy Pods Resources";
			outputFileListPaths = (
				"${PODS_ROOT}/Target Support Files/Pods-YandexPaySDKDemoApp/Pods-YandexPaySDKDemoApp-resources-${CONFIGURATION}-output-files.xcfilelist",
			);
			runOnlyForDeploymentPostprocessing = 0;
			shellPath = /bin/sh;
			shellScript = "\"${PODS_ROOT}/Target Support Files/Pods-YandexPaySDKDemoApp/Pods-YandexPaySDKDemoApp-resources.sh\"\n";
			showEnvVarsInLog = 0;
		};
		544F12CCA0CCFF1CB2D6829F /* [CP] Check Pods Manifest.lock */ = {
			isa = PBXShellScriptBuildPhase;
			buildActionMask = 2147483647;
			files = (
			);
			inputFileListPaths = (
			);
			inputPaths = (
				"${PODS_PODFILE_DIR_PATH}/Podfile.lock",
				"${PODS_ROOT}/Manifest.lock",
			);
			name = "[CP] Check Pods Manifest.lock";
			outputFileListPaths = (
			);
			outputPaths = (
				"$(DERIVED_FILE_DIR)/Pods-YandexPaySDKDemoApp-checkManifestLockResult.txt",
			);
			runOnlyForDeploymentPostprocessing = 0;
			shellPath = /bin/sh;
			shellScript = "diff \"${PODS_PODFILE_DIR_PATH}/Podfile.lock\" \"${PODS_ROOT}/Manifest.lock\" > /dev/null\nif [ $? != 0 ] ; then\n    # print error to STDERR\n    echo \"error: The sandbox is not in sync with the Podfile.lock. Run 'pod install' or update your CocoaPods installation.\" >&2\n    exit 1\nfi\n# This output is used by Xcode 'outputs' to avoid re-running this script phase.\necho \"SUCCESS\" > \"${SCRIPT_OUTPUT_FILE_0}\"\n";
			showEnvVarsInLog = 0;
		};
		DD61B36161771CC60866CEC4 /* [CP] Embed Pods Frameworks */ = {
			isa = PBXShellScriptBuildPhase;
			buildActionMask = 2147483647;
			files = (
			);
			inputFileListPaths = (
				"${PODS_ROOT}/Target Support Files/Pods-YandexPaySDKDemoApp/Pods-YandexPaySDKDemoApp-frameworks-${CONFIGURATION}-input-files.xcfilelist",
			);
			name = "[CP] Embed Pods Frameworks";
			outputFileListPaths = (
				"${PODS_ROOT}/Target Support Files/Pods-YandexPaySDKDemoApp/Pods-YandexPaySDKDemoApp-frameworks-${CONFIGURATION}-output-files.xcfilelist",
			);
			runOnlyForDeploymentPostprocessing = 0;
			shellPath = /bin/sh;
			shellScript = "\"${PODS_ROOT}/Target Support Files/Pods-YandexPaySDKDemoApp/Pods-YandexPaySDKDemoApp-frameworks.sh\"\n";
			showEnvVarsInLog = 0;
		};
/* End PBXShellScriptBuildPhase section */

/* Begin PBXSourcesBuildPhase section */
		9EBEF4DE29F187FC005E5289 /* Sources */ = {
			isa = PBXSourcesBuildPhase;
			buildActionMask = 2147483647;
			files = (
				9EBEF4EA29F187FC005E5289 /* ViewController.swift in Sources */,
				9EBEF4E629F187FC005E5289 /* AppDelegate.swift in Sources */,
				9EBEF4E829F187FC005E5289 /* SceneDelegate.swift in Sources */,
			);
			runOnlyForDeploymentPostprocessing = 0;
		};
/* End PBXSourcesBuildPhase section */

/* Begin PBXVariantGroup section */
		9EBEF4EB29F187FC005E5289 /* Main.storyboard */ = {
			isa = PBXVariantGroup;
			children = (
				9EBEF4EC29F187FC005E5289 /* Base */,
			);
			name = Main.storyboard;
			sourceTree = "<group>";
		};
		9EBEF4F029F187FC005E5289 /* LaunchScreen.storyboard */ = {
			isa = PBXVariantGroup;
			children = (
				9EBEF4F129F187FC005E5289 /* Base */,
			);
			name = LaunchScreen.storyboard;
			sourceTree = "<group>";
		};
/* End PBXVariantGroup section */

/* Begin XCBuildConfiguration section */
		9EBEF4F429F187FC005E5289 /* Debug */ = {
			isa = XCBuildConfiguration;
			buildSettings = {
				ALWAYS_SEARCH_USER_PATHS = NO;
				CLANG_ANALYZER_NONNULL = YES;
				CLANG_ANALYZER_NUMBER_OBJECT_CONVERSION = YES_AGGRESSIVE;
				CLANG_CXX_LANGUAGE_STANDARD = "gnu++20";
				CLANG_ENABLE_MODULES = YES;
				CLANG_ENABLE_OBJC_ARC = YES;
				CLANG_ENABLE_OBJC_WEAK = YES;
				CLANG_WARN_BLOCK_CAPTURE_AUTORELEASING = YES;
				CLANG_WARN_BOOL_CONVERSION = YES;
				CLANG_WARN_COMMA = YES;
				CLANG_WARN_CONSTANT_CONVERSION = YES;
				CLANG_WARN_DEPRECATED_OBJC_IMPLEMENTATIONS = YES;
				CLANG_WARN_DIRECT_OBJC_ISA_USAGE = YES_ERROR;
				CLANG_WARN_DOCUMENTATION_COMMENTS = YES;
				CLANG_WARN_EMPTY_BODY = YES;
				CLANG_WARN_ENUM_CONVERSION = YES;
				CLANG_WARN_INFINITE_RECURSION = YES;
				CLANG_WARN_INT_CONVERSION = YES;
				CLANG_WARN_NON_LITERAL_NULL_CONVERSION = YES;
				CLANG_WARN_OBJC_IMPLICIT_RETAIN_SELF = YES;
				CLANG_WARN_OBJC_LITERAL_CONVERSION = YES;
				CLANG_WARN_OBJC_ROOT_CLASS = YES_ERROR;
				CLANG_WARN_QUOTED_INCLUDE_IN_FRAMEWORK_HEADER = YES;
				CLANG_WARN_RANGE_LOOP_ANALYSIS = YES;
				CLANG_WARN_STRICT_PROTOTYPES = YES;
				CLANG_WARN_SUSPICIOUS_MOVE = YES;
				CLANG_WARN_UNGUARDED_AVAILABILITY = YES_AGGRESSIVE;
				CLANG_WARN_UNREACHABLE_CODE = YES;
				CLANG_WARN__DUPLICATE_METHOD_MATCH = YES;
				COPY_PHASE_STRIP = NO;
				DEBUG_INFORMATION_FORMAT = dwarf;
				ENABLE_STRICT_OBJC_MSGSEND = YES;
				ENABLE_TESTABILITY = YES;
				GCC_C_LANGUAGE_STANDARD = gnu11;
				GCC_DYNAMIC_NO_PIC = NO;
				GCC_NO_COMMON_BLOCKS = YES;
				GCC_OPTIMIZATION_LEVEL = 0;
				GCC_PREPROCESSOR_DEFINITIONS = (
					"DEBUG=1",
					"$(inherited)",
				);
				GCC_WARN_64_TO_32_BIT_CONVERSION = YES;
				GCC_WARN_ABOUT_RETURN_TYPE = YES_ERROR;
				GCC_WARN_UNDECLARED_SELECTOR = YES;
				GCC_WARN_UNINITIALIZED_AUTOS = YES_AGGRESSIVE;
				GCC_WARN_UNUSED_FUNCTION = YES;
				GCC_WARN_UNUSED_VARIABLE = YES;
				IPHONEOS_DEPLOYMENT_TARGET = 16.1;
				MTL_ENABLE_DEBUG_INFO = INCLUDE_SOURCE;
				MTL_FAST_MATH = YES;
				ONLY_ACTIVE_ARCH = YES;
				SDKROOT = iphoneos;
				SWIFT_ACTIVE_COMPILATION_CONDITIONS = DEBUG;
				SWIFT_OPTIMIZATION_LEVEL = "-Onone";
			};
			name = Debug;
		};
		9EBEF4F529F187FC005E5289 /* Release */ = {
			isa = XCBuildConfiguration;
			buildSettings = {
				ALWAYS_SEARCH_USER_PATHS = NO;
				CLANG_ANALYZER_NONNULL = YES;
				CLANG_ANALYZER_NUMBER_OBJECT_CONVERSION = YES_AGGRESSIVE;
				CLANG_CXX_LANGUAGE_STANDARD = "gnu++20";
				CLANG_ENABLE_MODULES = YES;
				CLANG_ENABLE_OBJC_ARC = YES;
				CLANG_ENABLE_OBJC_WEAK = YES;
				CLANG_WARN_BLOCK_CAPTURE_AUTORELEASING = YES;
				CLANG_WARN_BOOL_CONVERSION = YES;
				CLANG_WARN_COMMA = YES;
				CLANG_WARN_CONSTANT_CONVERSION = YES;
				CLANG_WARN_DEPRECATED_OBJC_IMPLEMENTATIONS = YES;
				CLANG_WARN_DIRECT_OBJC_ISA_USAGE = YES_ERROR;
				CLANG_WARN_DOCUMENTATION_COMMENTS = YES;
				CLANG_WARN_EMPTY_BODY = YES;
				CLANG_WARN_ENUM_CONVERSION = YES;
				CLANG_WARN_INFINITE_RECURSION = YES;
				CLANG_WARN_INT_CONVERSION = YES;
				CLANG_WARN_NON_LITERAL_NULL_CONVERSION = YES;
				CLANG_WARN_OBJC_IMPLICIT_RETAIN_SELF = YES;
				CLANG_WARN_OBJC_LITERAL_CONVERSION = YES;
				CLANG_WARN_OBJC_ROOT_CLASS = YES_ERROR;
				CLANG_WARN_QUOTED_INCLUDE_IN_FRAMEWORK_HEADER = YES;
				CLANG_WARN_RANGE_LOOP_ANALYSIS = YES;
				CLANG_WARN_STRICT_PROTOTYPES = YES;
				CLANG_WARN_SUSPICIOUS_MOVE = YES;
				CLANG_WARN_UNGUARDED_AVAILABILITY = YES_AGGRESSIVE;
				CLANG_WARN_UNREACHABLE_CODE = YES;
				CLANG_WARN__DUPLICATE_METHOD_MATCH = YES;
				COPY_PHASE_STRIP = NO;
				DEBUG_INFORMATION_FORMAT = "dwarf-with-dsym";
				ENABLE_NS_ASSERTIONS = NO;
				ENABLE_STRICT_OBJC_MSGSEND = YES;
				GCC_C_LANGUAGE_STANDARD = gnu11;
				GCC_NO_COMMON_BLOCKS = YES;
				GCC_WARN_64_TO_32_BIT_CONVERSION = YES;
				GCC_WARN_ABOUT_RETURN_TYPE = YES_ERROR;
				GCC_WARN_UNDECLARED_SELECTOR = YES;
				GCC_WARN_UNINITIALIZED_AUTOS = YES_AGGRESSIVE;
				GCC_WARN_UNUSED_FUNCTION = YES;
				GCC_WARN_UNUSED_VARIABLE = YES;
				IPHONEOS_DEPLOYMENT_TARGET = 16.1;
				MTL_ENABLE_DEBUG_INFO = NO;
				MTL_FAST_MATH = YES;
				SDKROOT = iphoneos;
				SWIFT_COMPILATION_MODE = wholemodule;
				SWIFT_OPTIMIZATION_LEVEL = "-O";
				VALIDATE_PRODUCT = YES;
			};
			name = Release;
		};
		9EBEF4F729F187FC005E5289 /* Debug */ = {
			isa = XCBuildConfiguration;
			baseConfigurationReference = AB1A901AC555538E02A1E988 /* Pods-YandexPaySDKDemoApp.debug.xcconfig */;
			buildSettings = {
				ASSETCATALOG_COMPILER_APPICON_NAME = AppIcon;
				ASSETCATALOG_COMPILER_GLOBAL_ACCENT_COLOR_NAME = AccentColor;
				CODE_SIGN_ENTITLEMENTS = YandexPaySDKDemoApp/YandexPaySDKDemoApp.entitlements;
				CODE_SIGN_IDENTITY = "Apple Development";
				CODE_SIGN_STYLE = Automatic;
				CURRENT_PROJECT_VERSION = 1;
				DEVELOPMENT_TEAM = "";
				GENERATE_INFOPLIST_FILE = YES;
				INFOPLIST_FILE = YandexPaySDKDemoApp/Info.plist;
				INFOPLIST_KEY_UIApplicationSupportsIndirectInputEvents = YES;
				INFOPLIST_KEY_UILaunchStoryboardName = LaunchScreen;
				INFOPLIST_KEY_UIMainStoryboardFile = Main;
				INFOPLIST_KEY_UISupportedInterfaceOrientations_iPad = "UIInterfaceOrientationPortrait UIInterfaceOrientationPortraitUpsideDown UIInterfaceOrientationLandscapeLeft UIInterfaceOrientationLandscapeRight";
				INFOPLIST_KEY_UISupportedInterfaceOrientations_iPhone = "UIInterfaceOrientationPortrait UIInterfaceOrientationLandscapeLeft UIInterfaceOrientationLandscapeRight";
				LD_RUNPATH_SEARCH_PATHS = (
					"$(inherited)",
					"@executable_path/Frameworks",
				);
				MARKETING_VERSION = 1.0;
				PRODUCT_BUNDLE_IDENTIFIER = sagintayev.YandexPaySDKDemoApp;
				PRODUCT_NAME = "$(TARGET_NAME)";
				PROVISIONING_PROFILE_SPECIFIER = "";
				SWIFT_EMIT_LOC_STRINGS = YES;
				SWIFT_VERSION = 5.0;
				TARGETED_DEVICE_FAMILY = "1,2";
				YANDEX_CLIENT_ID = "";
			};
			name = Debug;
		};
		9EBEF4F829F187FC005E5289 /* Release */ = {
			isa = XCBuildConfiguration;
			baseConfigurationReference = 19CEC95DE98663A1755755A4 /* Pods-YandexPaySDKDemoApp.release.xcconfig */;
			buildSettings = {
				ASSETCATALOG_COMPILER_APPICON_NAME = AppIcon;
				ASSETCATALOG_COMPILER_GLOBAL_ACCENT_COLOR_NAME = AccentColor;
				CODE_SIGN_ENTITLEMENTS = YandexPaySDKDemoApp/YandexPaySDKDemoApp.entitlements;
				CODE_SIGN_IDENTITY = "Apple Development";
				CODE_SIGN_STYLE = Automatic;
				CURRENT_PROJECT_VERSION = 1;
				DEVELOPMENT_TEAM = "";
				GENERATE_INFOPLIST_FILE = YES;
				INFOPLIST_FILE = YandexPaySDKDemoApp/Info.plist;
				INFOPLIST_KEY_UIApplicationSupportsIndirectInputEvents = YES;
				INFOPLIST_KEY_UILaunchStoryboardName = LaunchScreen;
				INFOPLIST_KEY_UIMainStoryboardFile = Main;
				INFOPLIST_KEY_UISupportedInterfaceOrientations_iPad = "UIInterfaceOrientationPortrait UIInterfaceOrientationPortraitUpsideDown UIInterfaceOrientationLandscapeLeft UIInterfaceOrientationLandscapeRight";
				INFOPLIST_KEY_UISupportedInterfaceOrientations_iPhone = "UIInterfaceOrientationPortrait UIInterfaceOrientationLandscapeLeft UIInterfaceOrientationLandscapeRight";
				LD_RUNPATH_SEARCH_PATHS = (
					"$(inherited)",
					"@executable_path/Frameworks",
				);
				MARKETING_VERSION = 1.0;
				PRODUCT_BUNDLE_IDENTIFIER = sagintayev.YandexPaySDKDemoApp;
				PRODUCT_NAME = "$(TARGET_NAME)";
				PROVISIONING_PROFILE_SPECIFIER = "";
				SWIFT_EMIT_LOC_STRINGS = YES;
				SWIFT_VERSION = 5.0;
				TARGETED_DEVICE_FAMILY = "1,2";
				YANDEX_CLIENT_ID = "";
			};
			name = Release;
		};
/* End XCBuildConfiguration section */

/* Begin XCConfigurationList section */
		9EBEF4DD29F187FC005E5289 /* Build configuration list for PBXProject "YandexPaySDKDemoApp" */ = {
			isa = XCConfigurationList;
			buildConfigurations = (
				9EBEF4F429F187FC005E5289 /* Debug */,
				9EBEF4F529F187FC005E5289 /* Release */,
			);
			defaultConfigurationIsVisible = 0;
			defaultConfigurationName = Release;
		};
		9EBEF4F629F187FC005E5289 /* Build configuration list for PBXNativeTarget "YandexPaySDKDemoApp" */ = {
			isa = XCConfigurationList;
			buildConfigurations = (
				9EBEF4F729F187FC005E5289 /* Debug */,
				9EBEF4F829F187FC005E5289 /* Release */,
			);
			defaultConfigurationIsVisible = 0;
			defaultConfigurationName = Release;
		};
/* End XCConfigurationList section */
	};
	rootObject = 9EBEF4DA29F187FC005E5289 /* Project object */;
}
