// !$*UTF8*$!
{
	archiveVersion = 1;
	classes = {
	};
	objectVersion = 56;
	objects = {

/* Begin PBXBuildFile section */
		34692C252CCBE6580031624E /* BadgesScreen.swift in Sources */ = {isa = PBXBuildFile; fileRef = 34692C212CCBE6580031624E /* BadgesScreen.swift */; };
		34692C262CCBE6580031624E /* BadgesScreenViewModel.swift in Sources */ = {isa = PBXBuildFile; fileRef = 34692C222CCBE6580031624E /* BadgesScreenViewModel.swift */; };
		34692C272CCBE6580031624E /* BadgesViewController.swift in Sources */ = {isa = PBXBuildFile; fileRef = 34692C232CCBE6580031624E /* BadgesViewController.swift */; };
		34692C2C2CCBE6670031624E /* PayFormScreen.swift in Sources */ = {isa = PBXBuildFile; fileRef = 34692C282CCBE6660031624E /* PayFormScreen.swift */; };
		34692C2D2CCBE6670031624E /* PayFormViewController.swift in Sources */ = {isa = PBXBuildFile; fileRef = 34692C292CCBE6660031624E /* PayFormViewController.swift */; };
		34692C2E2CCBE6670031624E /* PayFormViewModel.swift in Sources */ = {isa = PBXBuildFile; fileRef = 34692C2A2CCBE6660031624E /* PayFormViewModel.swift */; };
		34692C342CCBE6700031624E /* PayButtonScreen.swift in Sources */ = {isa = PBXBuildFile; fileRef = 34692C2F2CCBE66F0031624E /* PayButtonScreen.swift */; };
		34692C352CCBE6700031624E /* PayButtonViewController.swift in Sources */ = {isa = PBXBuildFile; fileRef = 34692C302CCBE66F0031624E /* PayButtonViewController.swift */; };
		34692C362CCBE6700031624E /* PayButtonViewModel.swift in Sources */ = {isa = PBXBuildFile; fileRef = 34692C312CCBE66F0031624E /* PayButtonViewModel.swift */; };
		34692C372CCBE6700031624E /* PaymentURLService.swift in Sources */ = {isa = PBXBuildFile; fileRef = 34692C322CCBE66F0031624E /* PaymentURLService.swift */; };
		34692C3D2CCBE67D0031624E /* SegmentCell.swift in Sources */ = {isa = PBXBuildFile; fileRef = 34692C382CCBE67D0031624E /* SegmentCell.swift */; };
		34692C3E2CCBE67D0031624E /* SizeCell.swift in Sources */ = {isa = PBXBuildFile; fileRef = 34692C392CCBE67D0031624E /* SizeCell.swift */; };
		34692C3F2CCBE67D0031624E /* StringInputCell.swift in Sources */ = {isa = PBXBuildFile; fileRef = 34692C3A2CCBE67D0031624E /* StringInputCell.swift */; };
		34692C402CCBE67D0031624E /* ToggleCell.swift in Sources */ = {isa = PBXBuildFile; fileRef = 34692C3B2CCBE67D0031624E /* ToggleCell.swift */; };
		34692C452CCBE6820031624E /* WidgetsScreen.swift in Sources */ = {isa = PBXBuildFile; fileRef = 34692C412CCBE6820031624E /* WidgetsScreen.swift */; };
		34692C462CCBE6820031624E /* WidgetsScreenViewModel.swift in Sources */ = {isa = PBXBuildFile; fileRef = 34692C422CCBE6820031624E /* WidgetsScreenViewModel.swift */; };
		34692C472CCBE6820031624E /* WidgetViewController.swift in Sources */ = {isa = PBXBuildFile; fileRef = 34692C432CCBE6820031624E /* WidgetViewController.swift */; };
		34692C492CCBE6A50031624E /* MainMenuViewModel.swift in Sources */ = {isa = PBXBuildFile; fileRef = 34692C482CCBE6A50031624E /* MainMenuViewModel.swift */; };
		34692C4B2CCBE6AA0031624E /* MainMenuView.swift in Sources */ = {isa = PBXBuildFile; fileRef = 34692C4A2CCBE6AA0031624E /* MainMenuView.swift */; };
		34692C4E2CCBE6CF0031624E /* Assets.xcassets in Resources */ = {isa = PBXBuildFile; fileRef = 34692C4D2CCBE6CF0031624E /* Assets.xcassets */; };
		34692C512CCC080D0031624E /* PickerCell.swift in Sources */ = {isa = PBXBuildFile; fileRef = 34692C502CCC080D0031624E /* PickerCell.swift */; };
		34692C532CCC084C0031624E /* Titelable.swift in Sources */ = {isa = PBXBuildFile; fileRef = 34692C522CCC084C0031624E /* Titelable.swift */; };
		780AF9882CC918B60084E65A /* YandexPaySDK in Frameworks */ = {isa = PBXBuildFile; productRef = 780AF9872CC918B60084E65A /* YandexPaySDK */; };
		780AF9982CC918D00084E65A /* AppDelegate.swift in Sources */ = {isa = PBXBuildFile; fileRef = 780AF9912CC918D00084E65A /* AppDelegate.swift */; };
		780AF99B2CC91A1D0084E65A /* Preview Assets.xcassets in Resources */ = {isa = PBXBuildFile; fileRef = 780AF9992CC91A1D0084E65A /* Preview Assets.xcassets */; };
/* End PBXBuildFile section */

/* Begin PBXFileReference section */
		34692C212CCBE6580031624E /* BadgesScreen.swift */ = {isa = PBXFileReference; fileEncoding = 4; lastKnownFileType = sourcecode.swift; path = BadgesScreen.swift; sourceTree = "<group>"; };
		34692C222CCBE6580031624E /* BadgesScreenViewModel.swift */ = {isa = PBXFileReference; fileEncoding = 4; lastKnownFileType = sourcecode.swift; path = BadgesScreenViewModel.swift; sourceTree = "<group>"; };
		34692C232CCBE6580031624E /* BadgesViewController.swift */ = {isa = PBXFileReference; fileEncoding = 4; lastKnownFileType = sourcecode.swift; path = BadgesViewController.swift; sourceTree = "<group>"; };
		34692C282CCBE6660031624E /* PayFormScreen.swift */ = {isa = PBXFileReference; fileEncoding = 4; lastKnownFileType = sourcecode.swift; path = PayFormScreen.swift; sourceTree = "<group>"; };
		34692C292CCBE6660031624E /* PayFormViewController.swift */ = {isa = PBXFileReference; fileEncoding = 4; lastKnownFileType = sourcecode.swift; path = PayFormViewController.swift; sourceTree = "<group>"; };
		34692C2A2CCBE6660031624E /* PayFormViewModel.swift */ = {isa = PBXFileReference; fileEncoding = 4; lastKnownFileType = sourcecode.swift; path = PayFormViewModel.swift; sourceTree = "<group>"; };
		34692C2F2CCBE66F0031624E /* PayButtonScreen.swift */ = {isa = PBXFileReference; fileEncoding = 4; lastKnownFileType = sourcecode.swift; path = PayButtonScreen.swift; sourceTree = "<group>"; };
		34692C302CCBE66F0031624E /* PayButtonViewController.swift */ = {isa = PBXFileReference; fileEncoding = 4; lastKnownFileType = sourcecode.swift; path = PayButtonViewController.swift; sourceTree = "<group>"; };
		34692C312CCBE66F0031624E /* PayButtonViewModel.swift */ = {isa = PBXFileReference; fileEncoding = 4; lastKnownFileType = sourcecode.swift; path = PayButtonViewModel.swift; sourceTree = "<group>"; };
		34692C322CCBE66F0031624E /* PaymentURLService.swift */ = {isa = PBXFileReference; fileEncoding = 4; lastKnownFileType = sourcecode.swift; path = PaymentURLService.swift; sourceTree = "<group>"; };
		34692C382CCBE67D0031624E /* SegmentCell.swift */ = {isa = PBXFileReference; fileEncoding = 4; lastKnownFileType = sourcecode.swift; path = SegmentCell.swift; sourceTree = "<group>"; };
		34692C392CCBE67D0031624E /* SizeCell.swift */ = {isa = PBXFileReference; fileEncoding = 4; lastKnownFileType = sourcecode.swift; path = SizeCell.swift; sourceTree = "<group>"; };
		34692C3A2CCBE67D0031624E /* StringInputCell.swift */ = {isa = PBXFileReference; fileEncoding = 4; lastKnownFileType = sourcecode.swift; path = StringInputCell.swift; sourceTree = "<group>"; };
		34692C3B2CCBE67D0031624E /* ToggleCell.swift */ = {isa = PBXFileReference; fileEncoding = 4; lastKnownFileType = sourcecode.swift; path = ToggleCell.swift; sourceTree = "<group>"; };
		34692C412CCBE6820031624E /* WidgetsScreen.swift */ = {isa = PBXFileReference; fileEncoding = 4; lastKnownFileType = sourcecode.swift; path = WidgetsScreen.swift; sourceTree = "<group>"; };
		34692C422CCBE6820031624E /* WidgetsScreenViewModel.swift */ = {isa = PBXFileReference; fileEncoding = 4; lastKnownFileType = sourcecode.swift; path = WidgetsScreenViewModel.swift; sourceTree = "<group>"; };
		34692C432CCBE6820031624E /* WidgetViewController.swift */ = {isa = PBXFileReference; fileEncoding = 4; lastKnownFileType = sourcecode.swift; path = WidgetViewController.swift; sourceTree = "<group>"; };
		34692C482CCBE6A50031624E /* MainMenuViewModel.swift */ = {isa = PBXFileReference; fileEncoding = 4; lastKnownFileType = sourcecode.swift; path = MainMenuViewModel.swift; sourceTree = "<group>"; };
		34692C4A2CCBE6AA0031624E /* MainMenuView.swift */ = {isa = PBXFileReference; fileEncoding = 4; lastKnownFileType = sourcecode.swift; path = MainMenuView.swift; sourceTree = "<group>"; };
		34692C4D2CCBE6CF0031624E /* Assets.xcassets */ = {isa = PBXFileReference; lastKnownFileType = folder.assetcatalog; name = Assets.xcassets; path = "../../../Downloads/yandex-pay-ios-upgradeSample/Demo/YandexPaySDKDemoApp/Assets.xcassets"; sourceTree = "<group>"; };
		34692C502CCC080D0031624E /* PickerCell.swift */ = {isa = PBXFileReference; lastKnownFileType = sourcecode.swift; path = PickerCell.swift; sourceTree = "<group>"; };
		34692C522CCC084C0031624E /* Titelable.swift */ = {isa = PBXFileReference; lastKnownFileType = sourcecode.swift; path = Titelable.swift; sourceTree = "<group>"; };
		780AF9752CC9168E0084E65A /* YandexPaySDKDemoApp.app */ = {isa = PBXFileReference; explicitFileType = wrapper.application; includeInIndex = 0; path = YandexPaySDKDemoApp.app; sourceTree = BUILT_PRODUCTS_DIR; };
		780AF98A2CC918D00084E65A /* Info.plist */ = {isa = PBXFileReference; fileEncoding = 4; lastKnownFileType = text.plist.xml; path = Info.plist; sourceTree = "<group>"; };
		780AF98F2CC918D00084E65A /* YandexPaySDKDemoApp.entitlements */ = {isa = PBXFileReference; fileEncoding = 4; lastKnownFileType = text.plist.entitlements; path = YandexPaySDKDemoApp.entitlements; sourceTree = "<group>"; };
		780AF9912CC918D00084E65A /* AppDelegate.swift */ = {isa = PBXFileReference; fileEncoding = 4; lastKnownFileType = sourcecode.swift; path = AppDelegate.swift; sourceTree = "<group>"; };
		780AF9992CC91A1D0084E65A /* Preview Assets.xcassets */ = {isa = PBXFileReference; lastKnownFileType = folder.assetcatalog; path = "Preview Assets.xcassets"; sourceTree = "<group>"; };
/* End PBXFileReference section */

/* Begin PBXFrameworksBuildPhase section */
		780AF9722CC9168E0084E65A /* Frameworks */ = {
			isa = PBXFrameworksBuildPhase;
			buildActionMask = 2147483647;
			files = (
				780AF9882CC918B60084E65A /* YandexPaySDK in Frameworks */,
			);
			runOnlyForDeploymentPostprocessing = 0;
		};
/* End PBXFrameworksBuildPhase section */

/* Begin PBXGroup section */
		34692C242CCBE6580031624E /* Badges */ = {
			isa = PBXGroup;
			children = (
				34692C212CCBE6580031624E /* BadgesScreen.swift */,
				34692C222CCBE6580031624E /* BadgesScreenViewModel.swift */,
				34692C232CCBE6580031624E /* BadgesViewController.swift */,
			);
			path = Badges;
			sourceTree = "<group>";
		};
		34692C2B2CCBE6660031624E /* PayForm */ = {
			isa = PBXGroup;
			children = (
				34692C282CCBE6660031624E /* PayFormScreen.swift */,
				34692C292CCBE6660031624E /* PayFormViewController.swift */,
				34692C2A2CCBE6660031624E /* PayFormViewModel.swift */,
			);
			path = PayForm;
			sourceTree = "<group>";
		};
		34692C332CCBE66F0031624E /* PayButton */ = {
			isa = PBXGroup;
			children = (
				34692C2F2CCBE66F0031624E /* PayButtonScreen.swift */,
				34692C302CCBE66F0031624E /* PayButtonViewController.swift */,
				34692C312CCBE66F0031624E /* PayButtonViewModel.swift */,
			);
			path = PayButton;
			sourceTree = "<group>";
		};
		34692C3C2CCBE67D0031624E /* TableCells */ = {
			isa = PBXGroup;
			children = (
				34692C382CCBE67D0031624E /* SegmentCell.swift */,
				34692C392CCBE67D0031624E /* SizeCell.swift */,
				34692C3A2CCBE67D0031624E /* StringInputCell.swift */,
				34692C3B2CCBE67D0031624E /* ToggleCell.swift */,
				34692C502CCC080D0031624E /* PickerCell.swift */,
				34692C522CCC084C0031624E /* Titelable.swift */,
			);
			path = TableCells;
			sourceTree = "<group>";
		};
		34692C442CCBE6820031624E /* Widgets */ = {
			isa = PBXGroup;
			children = (
				34692C412CCBE6820031624E /* WidgetsScreen.swift */,
				34692C422CCBE6820031624E /* WidgetsScreenViewModel.swift */,
				34692C432CCBE6820031624E /* WidgetViewController.swift */,
			);
			path = Widgets;
			sourceTree = "<group>";
		};
		34692C4C2CCBE6B20031624E /* MainMenu */ = {
			isa = PBXGroup;
			children = (
				34692C482CCBE6A50031624E /* MainMenuViewModel.swift */,
				34692C4A2CCBE6AA0031624E /* MainMenuView.swift */,
			);
			path = MainMenu;
			sourceTree = "<group>";
		};
		34692C4F2CCBE7E80031624E /* Services */ = {
			isa = PBXGroup;
			children = (
				34692C322CCBE66F0031624E /* PaymentURLService.swift */,
			);
			path = Services;
			sourceTree = "<group>";
		};
		780AF96C2CC9168E0084E65A = {
			isa = PBXGroup;
			children = (
				780AF9772CC9168E0084E65A /* YandexPaySDKDemoApp */,
				780AF9762CC9168E0084E65A /* Products */,
				780AF9862CC918B60084E65A /* Frameworks */,
			);
			sourceTree = "<group>";
		};
		780AF9762CC9168E0084E65A /* Products */ = {
			isa = PBXGroup;
			children = (
				780AF9752CC9168E0084E65A /* YandexPaySDKDemoApp.app */,
			);
			name = Products;
			sourceTree = "<group>";
		};
		780AF9772CC9168E0084E65A /* YandexPaySDKDemoApp */ = {
			isa = PBXGroup;
			children = (
				780AF99A2CC91A1D0084E65A /* Preview Content */,
				780AF98A2CC918D00084E65A /* Info.plist */,
				780AF98F2CC918D00084E65A /* YandexPaySDKDemoApp.entitlements */,
				34692C4D2CCBE6CF0031624E /* Assets.xcassets */,
				34692C442CCBE6820031624E /* Widgets */,
				34692C3C2CCBE67D0031624E /* TableCells */,
				34692C332CCBE66F0031624E /* PayButton */,
				34692C2B2CCBE6660031624E /* PayForm */,
				34692C242CCBE6580031624E /* Badges */,
				780AF9912CC918D00084E65A /* AppDelegate.swift */,
				34692C4F2CCBE7E80031624E /* Services */,
				34692C4C2CCBE6B20031624E /* MainMenu */,
			);
			path = YandexPaySDKDemoApp;
			sourceTree = "<group>";
		};
		780AF9862CC918B60084E65A /* Frameworks */ = {
			isa = PBXGroup;
			children = (
			);
			name = Frameworks;
			sourceTree = "<group>";
		};
		780AF99A2CC91A1D0084E65A /* Preview Content */ = {
			isa = PBXGroup;
			children = (
				780AF9992CC91A1D0084E65A /* Preview Assets.xcassets */,
			);
			path = "Preview Content";
			sourceTree = "<group>";
		};
/* End PBXGroup section */

/* Begin PBXNativeTarget section */
		780AF9742CC9168E0084E65A /* YandexPaySDKDemoApp */ = {
			isa = PBXNativeTarget;
			buildConfigurationList = 780AF9832CC9168F0084E65A /* Build configuration list for PBXNativeTarget "YandexPaySDKDemoApp" */;
			buildPhases = (
				780AF9712CC9168E0084E65A /* Sources */,
				780AF9722CC9168E0084E65A /* Frameworks */,
				780AF9732CC9168E0084E65A /* Resources */,
			);
			buildRules = (
			);
			dependencies = (
			);
			name = YandexPaySDKDemoApp;
			packageProductDependencies = (
				780AF9872CC918B60084E65A /* YandexPaySDK */,
			);
			productName = YandexPaySDKDemoApp;
			productReference = 780AF9752CC9168E0084E65A /* YandexPaySDKDemoApp.app */;
			productType = "com.apple.product-type.application";
		};
/* End PBXNativeTarget section */

/* Begin PBXProject section */
		780AF96D2CC9168E0084E65A /* Project object */ = {
			isa = PBXProject;
			attributes = {
				BuildIndependentTargetsInParallel = 1;
				LastSwiftUpdateCheck = 1540;
				LastUpgradeCheck = 1540;
				TargetAttributes = {
					780AF9742CC9168E0084E65A = {
						CreatedOnToolsVersion = 15.4;
					};
				};
			};
			buildConfigurationList = 780AF9702CC9168E0084E65A /* Build configuration list for PBXProject "YandexPaySDKDemoApp" */;
			compatibilityVersion = "Xcode 14.0";
			developmentRegion = en;
			hasScannedForEncodings = 0;
			knownRegions = (
				en,
				Base,
			);
			mainGroup = 780AF96C2CC9168E0084E65A;
			productRefGroup = 780AF9762CC9168E0084E65A /* Products */;
			projectDirPath = "";
			projectRoot = "";
			targets = (
				780AF9742CC9168E0084E65A /* YandexPaySDKDemoApp */,
			);
		};
/* End PBXProject section */

/* Begin PBXResourcesBuildPhase section */
		780AF9732CC9168E0084E65A /* Resources */ = {
			isa = PBXResourcesBuildPhase;
			buildActionMask = 2147483647;
			files = (
				780AF99B2CC91A1D0084E65A /* Preview Assets.xcassets in Resources */,
				34692C4E2CCBE6CF0031624E /* Assets.xcassets in Resources */,
			);
			runOnlyForDeploymentPostprocessing = 0;
		};
/* End PBXResourcesBuildPhase section */

/* Begin PBXSourcesBuildPhase section */
		780AF9712CC9168E0084E65A /* Sources */ = {
			isa = PBXSourcesBuildPhase;
			buildActionMask = 2147483647;
			files = (
				34692C3D2CCBE67D0031624E /* SegmentCell.swift in Sources */,
				34692C402CCBE67D0031624E /* ToggleCell.swift in Sources */,
				34692C492CCBE6A50031624E /* MainMenuViewModel.swift in Sources */,
				34692C462CCBE6820031624E /* WidgetsScreenViewModel.swift in Sources */,
				34692C452CCBE6820031624E /* WidgetsScreen.swift in Sources */,
				34692C512CCC080D0031624E /* PickerCell.swift in Sources */,
				34692C372CCBE6700031624E /* PaymentURLService.swift in Sources */,
				34692C262CCBE6580031624E /* BadgesScreenViewModel.swift in Sources */,
				34692C532CCC084C0031624E /* Titelable.swift in Sources */,
				34692C272CCBE6580031624E /* BadgesViewController.swift in Sources */,
				34692C472CCBE6820031624E /* WidgetViewController.swift in Sources */,
				34692C3E2CCBE67D0031624E /* SizeCell.swift in Sources */,
				34692C2D2CCBE6670031624E /* PayFormViewController.swift in Sources */,
				34692C362CCBE6700031624E /* PayButtonViewModel.swift in Sources */,
				34692C2E2CCBE6670031624E /* PayFormViewModel.swift in Sources */,
				34692C252CCBE6580031624E /* BadgesScreen.swift in Sources */,
				34692C352CCBE6700031624E /* PayButtonViewController.swift in Sources */,
				34692C342CCBE6700031624E /* PayButtonScreen.swift in Sources */,
				34692C4B2CCBE6AA0031624E /* MainMenuView.swift in Sources */,
				780AF9982CC918D00084E65A /* AppDelegate.swift in Sources */,
				34692C2C2CCBE6670031624E /* PayFormScreen.swift in Sources */,
				34692C3F2CCBE67D0031624E /* StringInputCell.swift in Sources */,
			);
			runOnlyForDeploymentPostprocessing = 0;
		};
/* End PBXSourcesBuildPhase section */

/* Begin XCBuildConfiguration section */
		780AF9812CC9168F0084E65A /* Debug */ = {
			isa = XCBuildConfiguration;
			buildSettings = {
				ALWAYS_SEARCH_USER_PATHS = NO;
				ASSETCATALOG_COMPILER_GENERATE_SWIFT_ASSET_SYMBOL_EXTENSIONS = YES;
				CLANG_ANALYZER_NONNULL = YES;
				CLANG_ANALYZER_NUMBER_OBJECT_CONVERSION = YES_AGGRESSIVE;
				CLANG_CXX_LANGUAGE_STANDARD = "gnu++20";
				CLANG_ENABLE_MODULES = YES;
				CLANG_ENABLE_OBJC_ARC = YES;
				CLANG_ENABLE_OBJC_WEAK = YES;
				CLANG_WARN_BLOCK_CAPTURE_AUTORELEASING = YES;
				CLANG_WARN_BOOL_CONVERSION = YES;
				CLANG_WARN_COMMA = YES;
				CLANG_WARN_CONSTANT_CONVERSION = YES;
				CLANG_WARN_DEPRECATED_OBJC_IMPLEMENTATIONS = YES;
				CLANG_WARN_DIRECT_OBJC_ISA_USAGE = YES_ERROR;
				CLANG_WARN_DOCUMENTATION_COMMENTS = YES;
				CLANG_WARN_EMPTY_BODY = YES;
				CLANG_WARN_ENUM_CONVERSION = YES;
				CLANG_WARN_INFINITE_RECURSION = YES;
				CLANG_WARN_INT_CONVERSION = YES;
				CLANG_WARN_NON_LITERAL_NULL_CONVERSION = YES;
				CLANG_WARN_OBJC_IMPLICIT_RETAIN_SELF = YES;
				CLANG_WARN_OBJC_LITERAL_CONVERSION = YES;
				CLANG_WARN_OBJC_ROOT_CLASS = YES_ERROR;
				CLANG_WARN_QUOTED_INCLUDE_IN_FRAMEWORK_HEADER = YES;
				CLANG_WARN_RANGE_LOOP_ANALYSIS = YES;
				CLANG_WARN_STRICT_PROTOTYPES = YES;
				CLANG_WARN_SUSPICIOUS_MOVE = YES;
				CLANG_WARN_UNGUARDED_AVAILABILITY = YES_AGGRESSIVE;
				CLANG_WARN_UNREACHABLE_CODE = YES;
				CLANG_WARN__DUPLICATE_METHOD_MATCH = YES;
				COPY_PHASE_STRIP = NO;
				DEBUG_INFORMATION_FORMAT = dwarf;
				ENABLE_STRICT_OBJC_MSGSEND = YES;
				ENABLE_TESTABILITY = YES;
				ENABLE_USER_SCRIPT_SANDBOXING = YES;
				GCC_C_LANGUAGE_STANDARD = gnu17;
				GCC_DYNAMIC_NO_PIC = NO;
				GCC_NO_COMMON_BLOCKS = YES;
				GCC_OPTIMIZATION_LEVEL = 0;
				GCC_PREPROCESSOR_DEFINITIONS = (
					"DEBUG=1",
					"$(inherited)",
				);
				GCC_WARN_64_TO_32_BIT_CONVERSION = YES;
				GCC_WARN_ABOUT_RETURN_TYPE = YES_ERROR;
				GCC_WARN_UNDECLARED_SELECTOR = YES;
				GCC_WARN_UNINITIALIZED_AUTOS = YES_AGGRESSIVE;
				GCC_WARN_UNUSED_FUNCTION = YES;
				GCC_WARN_UNUSED_VARIABLE = YES;
				IPHONEOS_DEPLOYMENT_TARGET = 17.5;
				LOCALIZATION_PREFERS_STRING_CATALOGS = YES;
				MTL_ENABLE_DEBUG_INFO = INCLUDE_SOURCE;
				MTL_FAST_MATH = YES;
				ONLY_ACTIVE_ARCH = YES;
				SDKROOT = iphoneos;
				SWIFT_ACTIVE_COMPILATION_CONDITIONS = "DEBUG $(inherited)";
				SWIFT_OPTIMIZATION_LEVEL = "-Onone";
			};
			name = Debug;
		};
		780AF9822CC9168F0084E65A /* Release */ = {
			isa = XCBuildConfiguration;
			buildSettings = {
				ALWAYS_SEARCH_USER_PATHS = NO;
				ASSETCATALOG_COMPILER_GENERATE_SWIFT_ASSET_SYMBOL_EXTENSIONS = YES;
				CLANG_ANALYZER_NONNULL = YES;
				CLANG_ANALYZER_NUMBER_OBJECT_CONVERSION = YES_AGGRESSIVE;
				CLANG_CXX_LANGUAGE_STANDARD = "gnu++20";
				CLANG_ENABLE_MODULES = YES;
				CLANG_ENABLE_OBJC_ARC = YES;
				CLANG_ENABLE_OBJC_WEAK = YES;
				CLANG_WARN_BLOCK_CAPTURE_AUTORELEASING = YES;
				CLANG_WARN_BOOL_CONVERSION = YES;
				CLANG_WARN_COMMA = YES;
				CLANG_WARN_CONSTANT_CONVERSION = YES;
				CLANG_WARN_DEPRECATED_OBJC_IMPLEMENTATIONS = YES;
				CLANG_WARN_DIRECT_OBJC_ISA_USAGE = YES_ERROR;
				CLANG_WARN_DOCUMENTATION_COMMENTS = YES;
				CLANG_WARN_EMPTY_BODY = YES;
				CLANG_WARN_ENUM_CONVERSION = YES;
				CLANG_WARN_INFINITE_RECURSION = YES;
				CLANG_WARN_INT_CONVERSION = YES;
				CLANG_WARN_NON_LITERAL_NULL_CONVERSION = YES;
				CLANG_WARN_OBJC_IMPLICIT_RETAIN_SELF = YES;
				CLANG_WARN_OBJC_LITERAL_CONVERSION = YES;
				CLANG_WARN_OBJC_ROOT_CLASS = YES_ERROR;
				CLANG_WARN_QUOTED_INCLUDE_IN_FRAMEWORK_HEADER = YES;
				CLANG_WARN_RANGE_LOOP_ANALYSIS = YES;
				CLANG_WARN_STRICT_PROTOTYPES = YES;
				CLANG_WARN_SUSPICIOUS_MOVE = YES;
				CLANG_WARN_UNGUARDED_AVAILABILITY = YES_AGGRESSIVE;
				CLANG_WARN_UNREACHABLE_CODE = YES;
				CLANG_WARN__DUPLICATE_METHOD_MATCH = YES;
				COPY_PHASE_STRIP = NO;
				DEBUG_INFORMATION_FORMAT = "dwarf-with-dsym";
				ENABLE_NS_ASSERTIONS = NO;
				ENABLE_STRICT_OBJC_MSGSEND = YES;
				ENABLE_USER_SCRIPT_SANDBOXING = YES;
				GCC_C_LANGUAGE_STANDARD = gnu17;
				GCC_NO_COMMON_BLOCKS = YES;
				GCC_WARN_64_TO_32_BIT_CONVERSION = YES;
				GCC_WARN_ABOUT_RETURN_TYPE = YES_ERROR;
				GCC_WARN_UNDECLARED_SELECTOR = YES;
				GCC_WARN_UNINITIALIZED_AUTOS = YES_AGGRESSIVE;
				GCC_WARN_UNUSED_FUNCTION = YES;
				GCC_WARN_UNUSED_VARIABLE = YES;
				IPHONEOS_DEPLOYMENT_TARGET = 17.5;
				LOCALIZATION_PREFERS_STRING_CATALOGS = YES;
				MTL_ENABLE_DEBUG_INFO = NO;
				MTL_FAST_MATH = YES;
				SDKROOT = iphoneos;
				SWIFT_COMPILATION_MODE = wholemodule;
				VALIDATE_PRODUCT = YES;
			};
			name = Release;
		};
		780AF9842CC9168F0084E65A /* Debug */ = {
			isa = XCBuildConfiguration;
			buildSettings = {
				ASSETCATALOG_COMPILER_APPICON_NAME = AppIcon;
				ASSETCATALOG_COMPILER_GLOBAL_ACCENT_COLOR_NAME = AccentColor;
				CODE_SIGN_ENTITLEMENTS = YandexPaySDKDemoApp/YandexPaySDKDemoApp.entitlements;
				CODE_SIGN_STYLE = Automatic;
				CURRENT_PROJECT_VERSION = 1;
				DEVELOPMENT_ASSET_PATHS = "\"YandexPaySDKDemoApp/Preview Content\"";
				DEVELOPMENT_TEAM = EK7Z26L6D4;
				ENABLE_PREVIEWS = YES;
				GENERATE_INFOPLIST_FILE = YES;
				INFOPLIST_FILE = YandexPaySDKDemoApp/Info.plist;
				INFOPLIST_KEY_UIApplicationSupportsIndirectInputEvents = YES;
				INFOPLIST_KEY_UILaunchScreen_Generation = YES;
				INFOPLIST_KEY_UISupportedInterfaceOrientations_iPad = "UIInterfaceOrientationPortrait UIInterfaceOrientationPortraitUpsideDown UIInterfaceOrientationLandscapeLeft UIInterfaceOrientationLandscapeRight";
				INFOPLIST_KEY_UISupportedInterfaceOrientations_iPhone = "UIInterfaceOrientationPortrait UIInterfaceOrientationLandscapeLeft UIInterfaceOrientationLandscapeRight";
				LD_RUNPATH_SEARCH_PATHS = (
					"$(inherited)",
					"@executable_path/Frameworks",
				);
				MARKETING_VERSION = 1.0;
				PRODUCT_BUNDLE_IDENTIFIER = ru.yandex.pay.YandexPaySDKDemoApp;
				PRODUCT_NAME = "$(TARGET_NAME)";
				SWIFT_EMIT_LOC_STRINGS = YES;
				SWIFT_VERSION = 5.0;
				TARGETED_DEVICE_FAMILY = "1,2";
				YANDEX_CLIENT_ID = 17ab606310484df78ccfef3c86732f31;
			};
			name = Debug;
		};
		780AF9852CC9168F0084E65A /* Release */ = {
			isa = XCBuildConfiguration;
			buildSettings = {
				ASSETCATALOG_COMPILER_APPICON_NAME = AppIcon;
				ASSETCATALOG_COMPILER_GLOBAL_ACCENT_COLOR_NAME = AccentColor;
				CODE_SIGN_ENTITLEMENTS = YandexPaySDKDemoApp/YandexPaySDKDemoApp.entitlements;
				CODE_SIGN_STYLE = Automatic;
				CURRENT_PROJECT_VERSION = 1;
				DEVELOPMENT_ASSET_PATHS = "\"YandexPaySDKDemoApp/Preview Content\"";
				DEVELOPMENT_TEAM = EK7Z26L6D4;
				ENABLE_PREVIEWS = YES;
				GENERATE_INFOPLIST_FILE = YES;
				INFOPLIST_FILE = YandexPaySDKDemoApp/Info.plist;
				INFOPLIST_KEY_UIApplicationSupportsIndirectInputEvents = YES;
				INFOPLIST_KEY_UILaunchScreen_Generation = YES;
				INFOPLIST_KEY_UISupportedInterfaceOrientations_iPad = "UIInterfaceOrientationPortrait UIInterfaceOrientationPortraitUpsideDown UIInterfaceOrientationLandscapeLeft UIInterfaceOrientationLandscapeRight";
				INFOPLIST_KEY_UISupportedInterfaceOrientations_iPhone = "UIInterfaceOrientationPortrait UIInterfaceOrientationLandscapeLeft UIInterfaceOrientationLandscapeRight";
				LD_RUNPATH_SEARCH_PATHS = (
					"$(inherited)",
					"@executable_path/Frameworks",
				);
				MARKETING_VERSION = 1.0;
				PRODUCT_BUNDLE_IDENTIFIER = ru.yandex.pay.YandexPaySDKDemoApp;
				PRODUCT_NAME = "$(TARGET_NAME)";
				SWIFT_EMIT_LOC_STRINGS = YES;
				SWIFT_VERSION = 5.0;
				TARGETED_DEVICE_FAMILY = "1,2";
				YANDEX_CLIENT_ID = 17ab606310484df78ccfef3c86732f31;
			};
			name = Release;
		};
/* End XCBuildConfiguration section */

/* Begin XCConfigurationList section */
		780AF9702CC9168E0084E65A /* Build configuration list for PBXProject "YandexPaySDKDemoApp" */ = {
			isa = XCConfigurationList;
			buildConfigurations = (
				780AF9812CC9168F0084E65A /* Debug */,
				780AF9822CC9168F0084E65A /* Release */,
			);
			defaultConfigurationIsVisible = 0;
			defaultConfigurationName = Release;
		};
		780AF9832CC9168F0084E65A /* Build configuration list for PBXNativeTarget "YandexPaySDKDemoApp" */ = {
			isa = XCConfigurationList;
			buildConfigurations = (
				780AF9842CC9168F0084E65A /* Debug */,
				780AF9852CC9168F0084E65A /* Release */,
			);
			defaultConfigurationIsVisible = 0;
			defaultConfigurationName = Release;
		};
/* End XCConfigurationList section */

/* Begin XCSwiftPackageProductDependency section */
		780AF9872CC918B60084E65A /* YandexPaySDK */ = {
			isa = XCSwiftPackageProductDependency;
			productName = YandexPaySDK;
		};
/* End XCSwiftPackageProductDependency section */
	};
	rootObject = 780AF96D2CC9168E0084E65A /* Project object */;
}
